// !$*UTF8*$!
{
	archiveVersion = 1;
	classes = {
	};
	objectVersion = 50;
	objects = {

/* Begin PBXBuildFile section */
		3B0F1ADB21F17C4A000FC715 /* GomokuSquareTests.swift in Sources */ = {isa = PBXBuildFile; fileRef = 3B0F1ADA21F17C4A000FC715 /* GomokuSquareTests.swift */; };
		3B1EA35E2186781700A23700 /* AppDelegate.swift in Sources */ = {isa = PBXBuildFile; fileRef = 3B1EA35D2186781700A23700 /* AppDelegate.swift */; };
		3B1EA3602186781700A23700 /* ViewController.swift in Sources */ = {isa = PBXBuildFile; fileRef = 3B1EA35F2186781700A23700 /* ViewController.swift */; };
		3B1EA3632186781700A23700 /* Main.storyboard in Resources */ = {isa = PBXBuildFile; fileRef = 3B1EA3612186781700A23700 /* Main.storyboard */; };
		3B1EA3662186781700A23700 /* Gomoku.xcdatamodeld in Sources */ = {isa = PBXBuildFile; fileRef = 3B1EA3642186781700A23700 /* Gomoku.xcdatamodeld */; };
		3B1EA3682186781900A23700 /* Assets.xcassets in Resources */ = {isa = PBXBuildFile; fileRef = 3B1EA3672186781900A23700 /* Assets.xcassets */; };
		3B1EA36B2186781900A23700 /* LaunchScreen.storyboard in Resources */ = {isa = PBXBuildFile; fileRef = 3B1EA3692186781900A23700 /* LaunchScreen.storyboard */; };
		3B1EA3812186781900A23700 /* GomokuUITests.swift in Sources */ = {isa = PBXBuildFile; fileRef = 3B1EA3802186781900A23700 /* GomokuUITests.swift */; };
		3B1EA390218683D500A23700 /* SpriteKit.framework in Frameworks */ = {isa = PBXBuildFile; fileRef = 3B1EA38F218683D500A23700 /* SpriteKit.framework */; };
		3B1EA3942186A5B900A23700 /* Board.swift in Sources */ = {isa = PBXBuildFile; fileRef = 3B1EA3932186A5B900A23700 /* Board.swift */; };
		3B2284F2218BC41D003FBAA9 /* BoardView.swift in Sources */ = {isa = PBXBuildFile; fileRef = 3B2284F1218BC41D003FBAA9 /* BoardView.swift */; };
		3B536E1021C21146005625B6 /* Game.swift in Sources */ = {isa = PBXBuildFile; fileRef = 3B6E29C8218777C200F4AF0B /* Game.swift */; };
		3B536E1121C2115B005625B6 /* GameNode.swift in Sources */ = {isa = PBXBuildFile; fileRef = 3BB8328521A4983A008B248A /* GameNode.swift */; };
		3B536E1221C2116C005625B6 /* Board.swift in Sources */ = {isa = PBXBuildFile; fileRef = 3B1EA3932186A5B900A23700 /* Board.swift */; };
		3B536E1321C2117A005625B6 /* Square.swift in Sources */ = {isa = PBXBuildFile; fileRef = 3BB8328721A49A1C008B248A /* Square.swift */; };
		3B536E1421C2118A005625B6 /* GameConfiguration.swift in Sources */ = {isa = PBXBuildFile; fileRef = 3BB8328921A4A63F008B248A /* GameConfiguration.swift */; };
		3B536E1521C211A6005625B6 /* RandomMoveChooser.swift in Sources */ = {isa = PBXBuildFile; fileRef = 3BB8328B21A4C093008B248A /* RandomMoveChooser.swift */; };
		3B536E1721C21881005625B6 /* MinMaxMoveChooser.swift in Sources */ = {isa = PBXBuildFile; fileRef = 3B536E1621C21881005625B6 /* MinMaxMoveChooser.swift */; };
		3B6E29C9218777C200F4AF0B /* Game.swift in Sources */ = {isa = PBXBuildFile; fileRef = 3B6E29C8218777C200F4AF0B /* Game.swift */; };
		3BB8328621A4983A008B248A /* GameNode.swift in Sources */ = {isa = PBXBuildFile; fileRef = 3BB8328521A4983A008B248A /* GameNode.swift */; };
		3BB8328821A49A1C008B248A /* Square.swift in Sources */ = {isa = PBXBuildFile; fileRef = 3BB8328721A49A1C008B248A /* Square.swift */; };
		3BB8328A21A4A63F008B248A /* GameConfiguration.swift in Sources */ = {isa = PBXBuildFile; fileRef = 3BB8328921A4A63F008B248A /* GameConfiguration.swift */; };
		3BB8328C21A4C093008B248A /* RandomMoveChooser.swift in Sources */ = {isa = PBXBuildFile; fileRef = 3BB8328B21A4C093008B248A /* RandomMoveChooser.swift */; };
		3BB8328E21A4C0FD008B248A /* HeuristicScoreMoveChooser.swift in Sources */ = {isa = PBXBuildFile; fileRef = 3BB8328D21A4C0FD008B248A /* HeuristicScoreMoveChooser.swift */; };
		3BF78DD421C74BF30098605F /* GomokuMinMaxTests.swift in Sources */ = {isa = PBXBuildFile; fileRef = 3BF78DD321C74BF30098605F /* GomokuMinMaxTests.swift */; };
		3BF78DD521C74C3B0098605F /* MinMaxMoveChooser.swift in Sources */ = {isa = PBXBuildFile; fileRef = 3B536E1621C21881005625B6 /* MinMaxMoveChooser.swift */; };
		3BF78DD621C74C480098605F /* HeuristicScoreMoveChooser.swift in Sources */ = {isa = PBXBuildFile; fileRef = 3BB8328D21A4C0FD008B248A /* HeuristicScoreMoveChooser.swift */; };
		3BF78DD821C74D450098605F /* GomokuGameTests.swift in Sources */ = {isa = PBXBuildFile; fileRef = 3BF78DD721C74D450098605F /* GomokuGameTests.swift */; };
		3BFC8B3121F91F7B00A9E6CD /* WhiteMoveChooser.swift in Sources */ = {isa = PBXBuildFile; fileRef = 3BFC8B3021F91F7B00A9E6CD /* WhiteMoveChooser.swift */; };
		3BFC8B3221F91F8000A9E6CD /* WhiteMoveChooser.swift in Sources */ = {isa = PBXBuildFile; fileRef = 3BFC8B3021F91F7B00A9E6CD /* WhiteMoveChooser.swift */; };
		3BFC8B3421F9218500A9E6CD /* BlackMoveChooser.swift in Sources */ = {isa = PBXBuildFile; fileRef = 3BFC8B3321F9218500A9E6CD /* BlackMoveChooser.swift */; };
		3BFC8B3521F9222100A9E6CD /* BlackMoveChooser.swift in Sources */ = {isa = PBXBuildFile; fileRef = 3BFC8B3321F9218500A9E6CD /* BlackMoveChooser.swift */; };
		3BFC8B3721F92FE900A9E6CD /* Player.swift in Sources */ = {isa = PBXBuildFile; fileRef = 3BFC8B3621F92FE900A9E6CD /* Player.swift */; };
		3BFC8B3821F9398900A9E6CD /* Player.swift in Sources */ = {isa = PBXBuildFile; fileRef = 3BFC8B3621F92FE900A9E6CD /* Player.swift */; };
/* End PBXBuildFile section */

/* Begin PBXContainerItemProxy section */
		3B1EA3722186781900A23700 /* PBXContainerItemProxy */ = {
			isa = PBXContainerItemProxy;
			containerPortal = 3B1EA3522186781700A23700 /* Project object */;
			proxyType = 1;
			remoteGlobalIDString = 3B1EA3592186781700A23700;
			remoteInfo = Gomoku;
		};
		3B1EA37D2186781900A23700 /* PBXContainerItemProxy */ = {
			isa = PBXContainerItemProxy;
			containerPortal = 3B1EA3522186781700A23700 /* Project object */;
			proxyType = 1;
			remoteGlobalIDString = 3B1EA3592186781700A23700;
			remoteInfo = Gomoku;
		};
/* End PBXContainerItemProxy section */

/* Begin PBXFileReference section */
		3B0F1ADA21F17C4A000FC715 /* GomokuSquareTests.swift */ = {isa = PBXFileReference; lastKnownFileType = sourcecode.swift; path = GomokuSquareTests.swift; sourceTree = "<group>"; };
		3B1EA35A2186781700A23700 /* Gomoku.app */ = {isa = PBXFileReference; explicitFileType = wrapper.application; includeInIndex = 0; path = Gomoku.app; sourceTree = BUILT_PRODUCTS_DIR; };
		3B1EA35D2186781700A23700 /* AppDelegate.swift */ = {isa = PBXFileReference; lastKnownFileType = sourcecode.swift; path = AppDelegate.swift; sourceTree = "<group>"; };
		3B1EA35F2186781700A23700 /* ViewController.swift */ = {isa = PBXFileReference; lastKnownFileType = sourcecode.swift; path = ViewController.swift; sourceTree = "<group>"; };
		3B1EA3622186781700A23700 /* Base */ = {isa = PBXFileReference; lastKnownFileType = file.storyboard; name = Base; path = Base.lproj/Main.storyboard; sourceTree = "<group>"; };
		3B1EA3652186781700A23700 /* Gomoku.xcdatamodel */ = {isa = PBXFileReference; lastKnownFileType = wrapper.xcdatamodel; path = Gomoku.xcdatamodel; sourceTree = "<group>"; };
		3B1EA3672186781900A23700 /* Assets.xcassets */ = {isa = PBXFileReference; lastKnownFileType = folder.assetcatalog; path = Assets.xcassets; sourceTree = "<group>"; };
		3B1EA36A2186781900A23700 /* Base */ = {isa = PBXFileReference; lastKnownFileType = file.storyboard; name = Base; path = Base.lproj/LaunchScreen.storyboard; sourceTree = "<group>"; };
		3B1EA36C2186781900A23700 /* Info.plist */ = {isa = PBXFileReference; lastKnownFileType = text.plist.xml; path = Info.plist; sourceTree = "<group>"; };
		3B1EA3712186781900A23700 /* GomokuTests.xctest */ = {isa = PBXFileReference; explicitFileType = wrapper.cfbundle; includeInIndex = 0; path = GomokuTests.xctest; sourceTree = BUILT_PRODUCTS_DIR; };
		3B1EA3772186781900A23700 /* Info.plist */ = {isa = PBXFileReference; lastKnownFileType = text.plist.xml; path = Info.plist; sourceTree = "<group>"; };
		3B1EA37C2186781900A23700 /* GomokuUITests.xctest */ = {isa = PBXFileReference; explicitFileType = wrapper.cfbundle; includeInIndex = 0; path = GomokuUITests.xctest; sourceTree = BUILT_PRODUCTS_DIR; };
		3B1EA3802186781900A23700 /* GomokuUITests.swift */ = {isa = PBXFileReference; lastKnownFileType = sourcecode.swift; path = GomokuUITests.swift; sourceTree = "<group>"; };
		3B1EA3822186781900A23700 /* Info.plist */ = {isa = PBXFileReference; lastKnownFileType = text.plist.xml; path = Info.plist; sourceTree = "<group>"; };
		3B1EA38F218683D500A23700 /* SpriteKit.framework */ = {isa = PBXFileReference; lastKnownFileType = wrapper.framework; name = SpriteKit.framework; path = System/Library/Frameworks/SpriteKit.framework; sourceTree = SDKROOT; };
		3B1EA3932186A5B900A23700 /* Board.swift */ = {isa = PBXFileReference; lastKnownFileType = sourcecode.swift; path = Board.swift; sourceTree = "<group>"; };
		3B2284F1218BC41D003FBAA9 /* BoardView.swift */ = {isa = PBXFileReference; lastKnownFileType = sourcecode.swift; path = BoardView.swift; sourceTree = "<group>"; };
		3B536E1621C21881005625B6 /* MinMaxMoveChooser.swift */ = {isa = PBXFileReference; lastKnownFileType = sourcecode.swift; path = MinMaxMoveChooser.swift; sourceTree = "<group>"; };
		3B6E29C8218777C200F4AF0B /* Game.swift */ = {isa = PBXFileReference; lastKnownFileType = sourcecode.swift; path = Game.swift; sourceTree = "<group>"; };
		3BB8328521A4983A008B248A /* GameNode.swift */ = {isa = PBXFileReference; lastKnownFileType = sourcecode.swift; path = GameNode.swift; sourceTree = "<group>"; };
		3BB8328721A49A1C008B248A /* Square.swift */ = {isa = PBXFileReference; lastKnownFileType = sourcecode.swift; path = Square.swift; sourceTree = "<group>"; };
		3BB8328921A4A63F008B248A /* GameConfiguration.swift */ = {isa = PBXFileReference; lastKnownFileType = sourcecode.swift; path = GameConfiguration.swift; sourceTree = "<group>"; };
		3BB8328B21A4C093008B248A /* RandomMoveChooser.swift */ = {isa = PBXFileReference; lastKnownFileType = sourcecode.swift; path = RandomMoveChooser.swift; sourceTree = "<group>"; };
		3BB8328D21A4C0FD008B248A /* HeuristicScoreMoveChooser.swift */ = {isa = PBXFileReference; lastKnownFileType = sourcecode.swift; path = HeuristicScoreMoveChooser.swift; sourceTree = "<group>"; };
		3BF78DD321C74BF30098605F /* GomokuMinMaxTests.swift */ = {isa = PBXFileReference; lastKnownFileType = sourcecode.swift; path = GomokuMinMaxTests.swift; sourceTree = "<group>"; };
		3BF78DD721C74D450098605F /* GomokuGameTests.swift */ = {isa = PBXFileReference; lastKnownFileType = sourcecode.swift; path = GomokuGameTests.swift; sourceTree = "<group>"; };
		3BFC8B3021F91F7B00A9E6CD /* WhiteMoveChooser.swift */ = {isa = PBXFileReference; fileEncoding = 4; lastKnownFileType = sourcecode.swift; path = WhiteMoveChooser.swift; sourceTree = "<group>"; };
		3BFC8B3321F9218500A9E6CD /* BlackMoveChooser.swift */ = {isa = PBXFileReference; lastKnownFileType = sourcecode.swift; path = BlackMoveChooser.swift; sourceTree = "<group>"; };
		3BFC8B3621F92FE900A9E6CD /* Player.swift */ = {isa = PBXFileReference; lastKnownFileType = sourcecode.swift; path = Player.swift; sourceTree = "<group>"; };
/* End PBXFileReference section */

/* Begin PBXFrameworksBuildPhase section */
		3B1EA3572186781700A23700 /* Frameworks */ = {
			isa = PBXFrameworksBuildPhase;
			buildActionMask = 2147483647;
			files = (
				3B1EA390218683D500A23700 /* SpriteKit.framework in Frameworks */,
			);
			runOnlyForDeploymentPostprocessing = 0;
		};
		3B1EA36E2186781900A23700 /* Frameworks */ = {
			isa = PBXFrameworksBuildPhase;
			buildActionMask = 2147483647;
			files = (
			);
			runOnlyForDeploymentPostprocessing = 0;
		};
		3B1EA3792186781900A23700 /* Frameworks */ = {
			isa = PBXFrameworksBuildPhase;
			buildActionMask = 2147483647;
			files = (
			);
			runOnlyForDeploymentPostprocessing = 0;
		};
/* End PBXFrameworksBuildPhase section */

/* Begin PBXGroup section */
		3B1EA3512186781700A23700 = {
			isa = PBXGroup;
			children = (
				3B1EA35C2186781700A23700 /* Gomoku */,
				3B1EA3742186781900A23700 /* GomokuTests */,
				3B1EA37F2186781900A23700 /* GomokuUITests */,
				3B1EA35B2186781700A23700 /* Products */,
				3B1EA38E218683D500A23700 /* Frameworks */,
			);
			sourceTree = "<group>";
		};
		3B1EA35B2186781700A23700 /* Products */ = {
			isa = PBXGroup;
			children = (
				3B1EA35A2186781700A23700 /* Gomoku.app */,
				3B1EA3712186781900A23700 /* GomokuTests.xctest */,
				3B1EA37C2186781900A23700 /* GomokuUITests.xctest */,
			);
			name = Products;
			sourceTree = "<group>";
		};
		3B1EA35C2186781700A23700 /* Gomoku */ = {
			isa = PBXGroup;
			children = (
				3B1EA35D2186781700A23700 /* AppDelegate.swift */,
				3B1EA36C2186781900A23700 /* Info.plist */,
				3BB8328221A49447008B248A /* Model */,
				3BB8328F21A4D555008B248A /* View */,
			);
			path = Gomoku;
			sourceTree = "<group>";
		};
		3B1EA3742186781900A23700 /* GomokuTests */ = {
			isa = PBXGroup;
			children = (
				3BF78DD721C74D450098605F /* GomokuGameTests.swift */,
				3BF78DD321C74BF30098605F /* GomokuMinMaxTests.swift */,
				3B0F1ADA21F17C4A000FC715 /* GomokuSquareTests.swift */,
				3B1EA3772186781900A23700 /* Info.plist */,
			);
			path = GomokuTests;
			sourceTree = "<group>";
		};
		3B1EA37F2186781900A23700 /* GomokuUITests */ = {
			isa = PBXGroup;
			children = (
				3B1EA3802186781900A23700 /* GomokuUITests.swift */,
				3B1EA3822186781900A23700 /* Info.plist */,
			);
			path = GomokuUITests;
			sourceTree = "<group>";
		};
		3B1EA38E218683D500A23700 /* Frameworks */ = {
			isa = PBXGroup;
			children = (
				3B1EA38F218683D500A23700 /* SpriteKit.framework */,
			);
			name = Frameworks;
			sourceTree = "<group>";
		};
		3BB8328221A49447008B248A /* Model */ = {
			isa = PBXGroup;
			children = (
				3B1EA3642186781700A23700 /* Gomoku.xcdatamodeld */,
				3BFC8B3321F9218500A9E6CD /* BlackMoveChooser.swift */,
				3B1EA3932186A5B900A23700 /* Board.swift */,
				3B6E29C8218777C200F4AF0B /* Game.swift */,
				3BB8328921A4A63F008B248A /* GameConfiguration.swift */,
				3BB8328521A4983A008B248A /* GameNode.swift */,
				3BB8328D21A4C0FD008B248A /* HeuristicScoreMoveChooser.swift */,
				3B536E1621C21881005625B6 /* MinMaxMoveChooser.swift */,
				3BB8328B21A4C093008B248A /* RandomMoveChooser.swift */,
				3BFC8B3621F92FE900A9E6CD /* Player.swift */,
				3BB8328721A49A1C008B248A /* Square.swift */,
				3BFC8B3021F91F7B00A9E6CD /* WhiteMoveChooser.swift */,
			);
			path = Model;
			sourceTree = "<group>";
		};
		3BB8328F21A4D555008B248A /* View */ = {
			isa = PBXGroup;
			children = (
				3B1EA3672186781900A23700 /* Assets.xcassets */,
				3B1EA3692186781900A23700 /* LaunchScreen.storyboard */,
				3B1EA3612186781700A23700 /* Main.storyboard */,
				3B2284F1218BC41D003FBAA9 /* BoardView.swift */,
				3B1EA35F2186781700A23700 /* ViewController.swift */,
			);
			path = View;
			sourceTree = "<group>";
		};
/* End PBXGroup section */

/* Begin PBXNativeTarget section */
		3B1EA3592186781700A23700 /* Gomoku */ = {
			isa = PBXNativeTarget;
			buildConfigurationList = 3B1EA3852186781900A23700 /* Build configuration list for PBXNativeTarget "Gomoku" */;
			buildPhases = (
				3B1EA3562186781700A23700 /* Sources */,
				3B1EA3572186781700A23700 /* Frameworks */,
				3B1EA3582186781700A23700 /* Resources */,
			);
			buildRules = (
			);
			dependencies = (
			);
			name = Gomoku;
			productName = Gomoku;
			productReference = 3B1EA35A2186781700A23700 /* Gomoku.app */;
			productType = "com.apple.product-type.application";
		};
		3B1EA3702186781900A23700 /* GomokuTests */ = {
			isa = PBXNativeTarget;
			buildConfigurationList = 3B1EA3882186781900A23700 /* Build configuration list for PBXNativeTarget "GomokuTests" */;
			buildPhases = (
				3B1EA36D2186781900A23700 /* Sources */,
				3B1EA36E2186781900A23700 /* Frameworks */,
				3B1EA36F2186781900A23700 /* Resources */,
			);
			buildRules = (
			);
			dependencies = (
				3B1EA3732186781900A23700 /* PBXTargetDependency */,
			);
			name = GomokuTests;
			productName = GomokuTests;
			productReference = 3B1EA3712186781900A23700 /* GomokuTests.xctest */;
			productType = "com.apple.product-type.bundle.unit-test";
		};
		3B1EA37B2186781900A23700 /* GomokuUITests */ = {
			isa = PBXNativeTarget;
			buildConfigurationList = 3B1EA38B2186781900A23700 /* Build configuration list for PBXNativeTarget "GomokuUITests" */;
			buildPhases = (
				3B1EA3782186781900A23700 /* Sources */,
				3B1EA3792186781900A23700 /* Frameworks */,
				3B1EA37A2186781900A23700 /* Resources */,
			);
			buildRules = (
			);
			dependencies = (
				3B1EA37E2186781900A23700 /* PBXTargetDependency */,
			);
			name = GomokuUITests;
			productName = GomokuUITests;
			productReference = 3B1EA37C2186781900A23700 /* GomokuUITests.xctest */;
			productType = "com.apple.product-type.bundle.ui-testing";
		};
/* End PBXNativeTarget section */

/* Begin PBXProject section */
		3B1EA3522186781700A23700 /* Project object */ = {
			isa = PBXProject;
			attributes = {
				LastSwiftUpdateCheck = 1000;
				LastUpgradeCheck = 1000;
				ORGANIZATIONNAME = Appamajigger;
				TargetAttributes = {
					3B1EA3592186781700A23700 = {
						CreatedOnToolsVersion = 10.0;
					};
					3B1EA3702186781900A23700 = {
						CreatedOnToolsVersion = 10.0;
						TestTargetID = 3B1EA3592186781700A23700;
					};
					3B1EA37B2186781900A23700 = {
						CreatedOnToolsVersion = 10.0;
						TestTargetID = 3B1EA3592186781700A23700;
					};
				};
			};
			buildConfigurationList = 3B1EA3552186781700A23700 /* Build configuration list for PBXProject "Gomoku" */;
			compatibilityVersion = "Xcode 9.3";
			developmentRegion = en;
			hasScannedForEncodings = 0;
			knownRegions = (
				en,
				Base,
			);
			mainGroup = 3B1EA3512186781700A23700;
			productRefGroup = 3B1EA35B2186781700A23700 /* Products */;
			projectDirPath = "";
			projectRoot = "";
			targets = (
				3B1EA3592186781700A23700 /* Gomoku */,
				3B1EA3702186781900A23700 /* GomokuTests */,
				3B1EA37B2186781900A23700 /* GomokuUITests */,
			);
		};
/* End PBXProject section */

/* Begin PBXResourcesBuildPhase section */
		3B1EA3582186781700A23700 /* Resources */ = {
			isa = PBXResourcesBuildPhase;
			buildActionMask = 2147483647;
			files = (
				3B1EA36B2186781900A23700 /* LaunchScreen.storyboard in Resources */,
				3B1EA3682186781900A23700 /* Assets.xcassets in Resources */,
				3B1EA3632186781700A23700 /* Main.storyboard in Resources */,
			);
			runOnlyForDeploymentPostprocessing = 0;
		};
		3B1EA36F2186781900A23700 /* Resources */ = {
			isa = PBXResourcesBuildPhase;
			buildActionMask = 2147483647;
			files = (
			);
			runOnlyForDeploymentPostprocessing = 0;
		};
		3B1EA37A2186781900A23700 /* Resources */ = {
			isa = PBXResourcesBuildPhase;
			buildActionMask = 2147483647;
			files = (
			);
			runOnlyForDeploymentPostprocessing = 0;
		};
/* End PBXResourcesBuildPhase section */

/* Begin PBXSourcesBuildPhase section */
		3B1EA3562186781700A23700 /* Sources */ = {
			isa = PBXSourcesBuildPhase;
			buildActionMask = 2147483647;
			files = (
				3BB8328821A49A1C008B248A /* Square.swift in Sources */,
				3BB8328A21A4A63F008B248A /* GameConfiguration.swift in Sources */,
				3B2284F2218BC41D003FBAA9 /* BoardView.swift in Sources */,
				3B1EA3602186781700A23700 /* ViewController.swift in Sources */,
				3B6E29C9218777C200F4AF0B /* Game.swift in Sources */,
				3BB8328621A4983A008B248A /* GameNode.swift in Sources */,
				3B536E1721C21881005625B6 /* MinMaxMoveChooser.swift in Sources */,
				3B1EA3942186A5B900A23700 /* Board.swift in Sources */,
				3BB8328E21A4C0FD008B248A /* HeuristicScoreMoveChooser.swift in Sources */,
				3BFC8B3121F91F7B00A9E6CD /* WhiteMoveChooser.swift in Sources */,
				3BFC8B3421F9218500A9E6CD /* BlackMoveChooser.swift in Sources */,
				3B1EA35E2186781700A23700 /* AppDelegate.swift in Sources */,
				3B1EA3662186781700A23700 /* Gomoku.xcdatamodeld in Sources */,
				3BFC8B3721F92FE900A9E6CD /* Player.swift in Sources */,
				3BB8328C21A4C093008B248A /* RandomMoveChooser.swift in Sources */,
			);
			runOnlyForDeploymentPostprocessing = 0;
		};
		3B1EA36D2186781900A23700 /* Sources */ = {
			isa = PBXSourcesBuildPhase;
			buildActionMask = 2147483647;
			files = (
				3BF78DD521C74C3B0098605F /* MinMaxMoveChooser.swift in Sources */,
				3B536E1521C211A6005625B6 /* RandomMoveChooser.swift in Sources */,
				3BF78DD621C74C480098605F /* HeuristicScoreMoveChooser.swift in Sources */,
				3BF78DD421C74BF30098605F /* GomokuMinMaxTests.swift in Sources */,
				3BFC8B3821F9398900A9E6CD /* Player.swift in Sources */,
				3BFC8B3221F91F8000A9E6CD /* WhiteMoveChooser.swift in Sources */,
				3B536E1321C2117A005625B6 /* Square.swift in Sources */,
				3BFC8B3521F9222100A9E6CD /* BlackMoveChooser.swift in Sources */,
				3B536E1121C2115B005625B6 /* GameNode.swift in Sources */,
				3B0F1ADB21F17C4A000FC715 /* GomokuSquareTests.swift in Sources */,
				3BF78DD821C74D450098605F /* GomokuGameTests.swift in Sources */,
				3B536E1221C2116C005625B6 /* Board.swift in Sources */,
				3B536E1421C2118A005625B6 /* GameConfiguration.swift in Sources */,
				3B536E1021C21146005625B6 /* Game.swift in Sources */,
			);
			runOnlyForDeploymentPostprocessing = 0;
		};
		3B1EA3782186781900A23700 /* Sources */ = {
			isa = PBXSourcesBuildPhase;
			buildActionMask = 2147483647;
			files = (
				3B1EA3812186781900A23700 /* GomokuUITests.swift in Sources */,
			);
			runOnlyForDeploymentPostprocessing = 0;
		};
/* End PBXSourcesBuildPhase section */

/* Begin PBXTargetDependency section */
		3B1EA3732186781900A23700 /* PBXTargetDependency */ = {
			isa = PBXTargetDependency;
			target = 3B1EA3592186781700A23700 /* Gomoku */;
			targetProxy = 3B1EA3722186781900A23700 /* PBXContainerItemProxy */;
		};
		3B1EA37E2186781900A23700 /* PBXTargetDependency */ = {
			isa = PBXTargetDependency;
			target = 3B1EA3592186781700A23700 /* Gomoku */;
			targetProxy = 3B1EA37D2186781900A23700 /* PBXContainerItemProxy */;
		};
/* End PBXTargetDependency section */

/* Begin PBXVariantGroup section */
		3B1EA3612186781700A23700 /* Main.storyboard */ = {
			isa = PBXVariantGroup;
			children = (
				3B1EA3622186781700A23700 /* Base */,
			);
			name = Main.storyboard;
			sourceTree = "<group>";
		};
		3B1EA3692186781900A23700 /* LaunchScreen.storyboard */ = {
			isa = PBXVariantGroup;
			children = (
				3B1EA36A2186781900A23700 /* Base */,
			);
			name = LaunchScreen.storyboard;
			sourceTree = "<group>";
		};
/* End PBXVariantGroup section */

/* Begin XCBuildConfiguration section */
		3B1EA3832186781900A23700 /* Debug */ = {
			isa = XCBuildConfiguration;
			buildSettings = {
				ALWAYS_SEARCH_USER_PATHS = NO;
				CLANG_ANALYZER_NONNULL = YES;
				CLANG_ANALYZER_NUMBER_OBJECT_CONVERSION = YES_AGGRESSIVE;
				CLANG_CXX_LANGUAGE_STANDARD = "gnu++14";
				CLANG_CXX_LIBRARY = "libc++";
				CLANG_ENABLE_MODULES = YES;
				CLANG_ENABLE_OBJC_ARC = YES;
				CLANG_ENABLE_OBJC_WEAK = YES;
				CLANG_WARN_BLOCK_CAPTURE_AUTORELEASING = YES;
				CLANG_WARN_BOOL_CONVERSION = YES;
				CLANG_WARN_COMMA = YES;
				CLANG_WARN_CONSTANT_CONVERSION = YES;
				CLANG_WARN_DEPRECATED_OBJC_IMPLEMENTATIONS = YES;
				CLANG_WARN_DIRECT_OBJC_ISA_USAGE = YES_ERROR;
				CLANG_WARN_DOCUMENTATION_COMMENTS = YES;
				CLANG_WARN_EMPTY_BODY = YES;
				CLANG_WARN_ENUM_CONVERSION = YES;
				CLANG_WARN_INFINITE_RECURSION = YES;
				CLANG_WARN_INT_CONVERSION = YES;
				CLANG_WARN_NON_LITERAL_NULL_CONVERSION = YES;
				CLANG_WARN_OBJC_IMPLICIT_RETAIN_SELF = YES;
				CLANG_WARN_OBJC_LITERAL_CONVERSION = YES;
				CLANG_WARN_OBJC_ROOT_CLASS = YES_ERROR;
				CLANG_WARN_RANGE_LOOP_ANALYSIS = YES;
				CLANG_WARN_STRICT_PROTOTYPES = YES;
				CLANG_WARN_SUSPICIOUS_MOVE = YES;
				CLANG_WARN_UNGUARDED_AVAILABILITY = YES_AGGRESSIVE;
				CLANG_WARN_UNREACHABLE_CODE = YES;
				CLANG_WARN__DUPLICATE_METHOD_MATCH = YES;
				CODE_SIGN_IDENTITY = "iPhone Developer";
				COPY_PHASE_STRIP = NO;
				DEBUG_INFORMATION_FORMAT = dwarf;
				ENABLE_STRICT_OBJC_MSGSEND = YES;
				ENABLE_TESTABILITY = YES;
				GCC_C_LANGUAGE_STANDARD = gnu11;
				GCC_DYNAMIC_NO_PIC = NO;
				GCC_NO_COMMON_BLOCKS = YES;
				GCC_OPTIMIZATION_LEVEL = 0;
				GCC_PREPROCESSOR_DEFINITIONS = (
					"DEBUG=1",
					"$(inherited)",
				);
				GCC_WARN_64_TO_32_BIT_CONVERSION = YES;
				GCC_WARN_ABOUT_RETURN_TYPE = YES_ERROR;
				GCC_WARN_UNDECLARED_SELECTOR = YES;
				GCC_WARN_UNINITIALIZED_AUTOS = YES_AGGRESSIVE;
				GCC_WARN_UNUSED_FUNCTION = YES;
				GCC_WARN_UNUSED_VARIABLE = YES;
				IPHONEOS_DEPLOYMENT_TARGET = 12.0;
				MTL_ENABLE_DEBUG_INFO = INCLUDE_SOURCE;
				MTL_FAST_MATH = YES;
				ONLY_ACTIVE_ARCH = YES;
				SDKROOT = iphoneos;
				SWIFT_ACTIVE_COMPILATION_CONDITIONS = DEBUG;
				SWIFT_OPTIMIZATION_LEVEL = "-Onone";
			};
			name = Debug;
		};
		3B1EA3842186781900A23700 /* Release */ = {
			isa = XCBuildConfiguration;
			buildSettings = {
				ALWAYS_SEARCH_USER_PATHS = NO;
				CLANG_ANALYZER_NONNULL = YES;
				CLANG_ANALYZER_NUMBER_OBJECT_CONVERSION = YES_AGGRESSIVE;
				CLANG_CXX_LANGUAGE_STANDARD = "gnu++14";
				CLANG_CXX_LIBRARY = "libc++";
				CLANG_ENABLE_MODULES = YES;
				CLANG_ENABLE_OBJC_ARC = YES;
				CLANG_ENABLE_OBJC_WEAK = YES;
				CLANG_WARN_BLOCK_CAPTURE_AUTORELEASING = YES;
				CLANG_WARN_BOOL_CONVERSION = YES;
				CLANG_WARN_COMMA = YES;
				CLANG_WARN_CONSTANT_CONVERSION = YES;
				CLANG_WARN_DEPRECATED_OBJC_IMPLEMENTATIONS = YES;
				CLANG_WARN_DIRECT_OBJC_ISA_USAGE = YES_ERROR;
				CLANG_WARN_DOCUMENTATION_COMMENTS = YES;
				CLANG_WARN_EMPTY_BODY = YES;
				CLANG_WARN_ENUM_CONVERSION = YES;
				CLANG_WARN_INFINITE_RECURSION = YES;
				CLANG_WARN_INT_CONVERSION = YES;
				CLANG_WARN_NON_LITERAL_NULL_CONVERSION = YES;
				CLANG_WARN_OBJC_IMPLICIT_RETAIN_SELF = YES;
				CLANG_WARN_OBJC_LITERAL_CONVERSION = YES;
				CLANG_WARN_OBJC_ROOT_CLASS = YES_ERROR;
				CLANG_WARN_RANGE_LOOP_ANALYSIS = YES;
				CLANG_WARN_STRICT_PROTOTYPES = YES;
				CLANG_WARN_SUSPICIOUS_MOVE = YES;
				CLANG_WARN_UNGUARDED_AVAILABILITY = YES_AGGRESSIVE;
				CLANG_WARN_UNREACHABLE_CODE = YES;
				CLANG_WARN__DUPLICATE_METHOD_MATCH = YES;
				CODE_SIGN_IDENTITY = "iPhone Developer";
				COPY_PHASE_STRIP = NO;
				DEBUG_INFORMATION_FORMAT = "dwarf-with-dsym";
				ENABLE_NS_ASSERTIONS = NO;
				ENABLE_STRICT_OBJC_MSGSEND = YES;
				GCC_C_LANGUAGE_STANDARD = gnu11;
				GCC_NO_COMMON_BLOCKS = YES;
				GCC_WARN_64_TO_32_BIT_CONVERSION = YES;
				GCC_WARN_ABOUT_RETURN_TYPE = YES_ERROR;
				GCC_WARN_UNDECLARED_SELECTOR = YES;
				GCC_WARN_UNINITIALIZED_AUTOS = YES_AGGRESSIVE;
				GCC_WARN_UNUSED_FUNCTION = YES;
				GCC_WARN_UNUSED_VARIABLE = YES;
				IPHONEOS_DEPLOYMENT_TARGET = 12.0;
				MTL_ENABLE_DEBUG_INFO = NO;
				MTL_FAST_MATH = YES;
				SDKROOT = iphoneos;
				SWIFT_COMPILATION_MODE = wholemodule;
				SWIFT_OPTIMIZATION_LEVEL = "-O";
				VALIDATE_PRODUCT = YES;
			};
			name = Release;
		};
		3B1EA3862186781900A23700 /* Debug */ = {
			isa = XCBuildConfiguration;
			buildSettings = {
				ASSETCATALOG_COMPILER_APPICON_NAME = AppIcon;
				CODE_SIGN_STYLE = Automatic;
				DEVELOPMENT_TEAM = NM9E6W7574;
				INFOPLIST_FILE = Gomoku/Info.plist;
				LD_RUNPATH_SEARCH_PATHS = (
					"$(inherited)",
					"@executable_path/Frameworks",
				);
				PRODUCT_BUNDLE_IDENTIFIER = com.appamajigger.Gomoku;
				PRODUCT_NAME = "$(TARGET_NAME)";
				SWIFT_VERSION = 4.2;
				TARGETED_DEVICE_FAMILY = "1,2";
			};
			name = Debug;
		};
		3B1EA3872186781900A23700 /* Release */ = {
			isa = XCBuildConfiguration;
			buildSettings = {
				ASSETCATALOG_COMPILER_APPICON_NAME = AppIcon;
				CODE_SIGN_STYLE = Automatic;
				DEVELOPMENT_TEAM = NM9E6W7574;
				INFOPLIST_FILE = Gomoku/Info.plist;
				LD_RUNPATH_SEARCH_PATHS = (
					"$(inherited)",
					"@executable_path/Frameworks",
				);
				PRODUCT_BUNDLE_IDENTIFIER = com.appamajigger.Gomoku;
				PRODUCT_NAME = "$(TARGET_NAME)";
				SWIFT_VERSION = 4.2;
				TARGETED_DEVICE_FAMILY = "1,2";
			};
			name = Release;
		};
		3B1EA3892186781900A23700 /* Debug */ = {
			isa = XCBuildConfiguration;
			buildSettings = {
				ALWAYS_EMBED_SWIFT_STANDARD_LIBRARIES = YES;
				BUNDLE_LOADER = "$(TEST_HOST)";
				CODE_SIGN_STYLE = Automatic;
				DEVELOPMENT_TEAM = NM9E6W7574;
				INFOPLIST_FILE = GomokuTests/Info.plist;
				LD_RUNPATH_SEARCH_PATHS = (
					"$(inherited)",
					"@executable_path/Frameworks",
					"@loader_path/Frameworks",
				);
				PRODUCT_BUNDLE_IDENTIFIER = com.appamajigger.GomokuTests;
				PRODUCT_NAME = "$(TARGET_NAME)";
				SWIFT_VERSION = 4.2;
				TARGETED_DEVICE_FAMILY = "1,2";
				TEST_HOST = "$(BUILT_PRODUCTS_DIR)/Gomoku.app/Gomoku";
			};
			name = Debug;
		};
		3B1EA38A2186781900A23700 /* Release */ = {
			isa = XCBuildConfiguration;
			buildSettings = {
				ALWAYS_EMBED_SWIFT_STANDARD_LIBRARIES = YES;
				BUNDLE_LOADER = "$(TEST_HOST)";
				CODE_SIGN_STYLE = Automatic;
				DEVELOPMENT_TEAM = NM9E6W7574;
				INFOPLIST_FILE = GomokuTests/Info.plist;
				LD_RUNPATH_SEARCH_PATHS = (
					"$(inherited)",
					"@executable_path/Frameworks",
					"@loader_path/Frameworks",
				);
				PRODUCT_BUNDLE_IDENTIFIER = com.appamajigger.GomokuTests;
				PRODUCT_NAME = "$(TARGET_NAME)";
				SWIFT_VERSION = 4.2;
				TARGETED_DEVICE_FAMILY = "1,2";
				TEST_HOST = "$(BUILT_PRODUCTS_DIR)/Gomoku.app/Gomoku";
			};
			name = Release;
		};
		3B1EA38C2186781900A23700 /* Debug */ = {
			isa = XCBuildConfiguration;
			buildSettings = {
				ALWAYS_EMBED_SWIFT_STANDARD_LIBRARIES = YES;
				CODE_SIGN_STYLE = Automatic;
				DEVELOPMENT_TEAM = NM9E6W7574;
				INFOPLIST_FILE = GomokuUITests/Info.plist;
				LD_RUNPATH_SEARCH_PATHS = (
					"$(inherited)",
					"@executable_path/Frameworks",
					"@loader_path/Frameworks",
				);
				PRODUCT_BUNDLE_IDENTIFIER = com.appamajigger.GomokuUITests;
				PRODUCT_NAME = "$(TARGET_NAME)";
				SWIFT_VERSION = 4.2;
				TARGETED_DEVICE_FAMILY = "1,2";
				TEST_TARGET_NAME = Gomoku;
			};
			name = Debug;
		};
		3B1EA38D2186781900A23700 /* Release */ = {
			isa = XCBuildConfiguration;
			buildSettings = {
				ALWAYS_EMBED_SWIFT_STANDARD_LIBRARIES = YES;
				CODE_SIGN_STYLE = Automatic;
				DEVELOPMENT_TEAM = NM9E6W7574;
				INFOPLIST_FILE = GomokuUITests/Info.plist;
				LD_RUNPATH_SEARCH_PATHS = (
					"$(inherited)",
					"@executable_path/Frameworks",
					"@loader_path/Frameworks",
				);
				PRODUCT_BUNDLE_IDENTIFIER = com.appamajigger.GomokuUITests;
				PRODUCT_NAME = "$(TARGET_NAME)";
				SWIFT_VERSION = 4.2;
				TARGETED_DEVICE_FAMILY = "1,2";
				TEST_TARGET_NAME = Gomoku;
			};
			name = Release;
		};
/* End XCBuildConfiguration section */

/* Begin XCConfigurationList section */
		3B1EA3552186781700A23700 /* Build configuration list for PBXProject "Gomoku" */ = {
			isa = XCConfigurationList;
			buildConfigurations = (
				3B1EA3832186781900A23700 /* Debug */,
				3B1EA3842186781900A23700 /* Release */,
			);
			defaultConfigurationIsVisible = 0;
			defaultConfigurationName = Release;
		};
		3B1EA3852186781900A23700 /* Build configuration list for PBXNativeTarget "Gomoku" */ = {
			isa = XCConfigurationList;
			buildConfigurations = (
				3B1EA3862186781900A23700 /* Debug */,
				3B1EA3872186781900A23700 /* Release */,
			);
			defaultConfigurationIsVisible = 0;
			defaultConfigurationName = Release;
		};
		3B1EA3882186781900A23700 /* Build configuration list for PBXNativeTarget "GomokuTests" */ = {
			isa = XCConfigurationList;
			buildConfigurations = (
				3B1EA3892186781900A23700 /* Debug */,
				3B1EA38A2186781900A23700 /* Release */,
			);
			defaultConfigurationIsVisible = 0;
			defaultConfigurationName = Release;
		};
		3B1EA38B2186781900A23700 /* Build configuration list for PBXNativeTarget "GomokuUITests" */ = {
			isa = XCConfigurationList;
			buildConfigurations = (
				3B1EA38C2186781900A23700 /* Debug */,
				3B1EA38D2186781900A23700 /* Release */,
			);
			defaultConfigurationIsVisible = 0;
			defaultConfigurationName = Release;
		};
/* End XCConfigurationList section */

/* Begin XCVersionGroup section */
		3B1EA3642186781700A23700 /* Gomoku.xcdatamodeld */ = {
			isa = XCVersionGroup;
			children = (
				3B1EA3652186781700A23700 /* Gomoku.xcdatamodel */,
			);
			currentVersion = 3B1EA3652186781700A23700 /* Gomoku.xcdatamodel */;
			path = Gomoku.xcdatamodeld;
			sourceTree = "<group>";
			versionGroupType = wrapper.xcdatamodel;
		};
/* End XCVersionGroup section */
	};
	rootObject = 3B1EA3522186781700A23700 /* Project object */;
}
